
Microsoft Visual Studio Solution File, Format Version 12.00
# Visual Studio 15
VisualStudioVersion = 15.0.27703.2018
MinimumVisualStudioVersion = 10.0.40219.1
Project("{9A19103F-16F7-4668-BE54-9A1E7A4F7556}") = "WebApiSwc", "WebApis\WebApiSwc.csproj", "{0939D51D-2E92-4CB5-8A21-68E324CCA18F}"
	ProjectSection(ProjectDependencies) = postProject
		{1FD62A56-72ED-42B7-9F7D-549F7FA2CD00} = {1FD62A56-72ED-42B7-9F7D-549F7FA2CD00}
	EndProjectSection
EndProject
Project("{9A19103F-16F7-4668-BE54-9A1E7A4F7556}") = "Shared", "Shared\Shared.csproj", "{747EB02F-436D-4337-A161-5FF726C9E1B0}"
EndProject
Project("{9A19103F-16F7-4668-BE54-9A1E7A4F7556}") = "Domain.Exchange", "Exchange.Base\Domain.Exchange.csproj", "{1F64CCC2-D64F-48F0-8845-36AB33EB54F8}"
EndProject
Project("{2150E333-8FDC-42A3-9474-1A3956D46DE8}") = "Solution Items", "Solution Items", "{396BCFBC-E780-4F3D-8CD6-116EF859701E}"
	ProjectSection(SolutionItems) = preProject
		ReadMe.txt = ReadMe.txt
		Tasks.txt = Tasks.txt
	EndProjectSection
EndProject
Project("{9A19103F-16F7-4668-BE54-9A1E7A4F7556}") = "Infrastructure.EventBus", "Infrastructure\Infrastructure.EventBus.csproj", "{1FD62A56-72ED-42B7-9F7D-549F7FA2CD00}"
EndProject
Project("{2150E333-8FDC-42A3-9474-1A3956D46DE8}") = "Infrastructure", "Infrastructure", "{27B62A9A-A8C6-4ECD-BA67-43024501EEA9}"
EndProject
Project("{2150E333-8FDC-42A3-9474-1A3956D46DE8}") = "App", "App", "{0ED24299-DCDD-4D54-A6C8-D297B790D2F8}"
EndProject
Project("{9A19103F-16F7-4668-BE54-9A1E7A4F7556}") = "App.Services", "BL.Services\App.Services.csproj", "{C4560433-7116-4757-8070-D81CF7BD032E}"
EndProject
Project("{9A19103F-16F7-4668-BE54-9A1E7A4F7556}") = "Domain.Device", "Device.Base\Domain.Device.csproj", "{8681D4FD-4CE5-4565-B883-3EAD50CB6435}"
EndProject
Project("{2150E333-8FDC-42A3-9474-1A3956D46DE8}") = "Tests", "Tests", "{ABE68234-EFE9-4325-A2AD-3EDAB972EF07}"
EndProject
Project("{2150E333-8FDC-42A3-9474-1A3956D46DE8}") = "InputDataModel", "InputDataModel", "{156C5F17-389D-412C-9183-48DDF6B9FFD3}"
EndProject
Project("{9A19103F-16F7-4668-BE54-9A1E7A4F7556}") = "Domain.InputDataModel.Autodictor", "InputDataModel.Autodictor\Domain.InputDataModel.Autodictor.csproj", "{DC84ECEB-47AF-435D-BF57-470DA012EB66}"
EndProject
Project("{9A19103F-16F7-4668-BE54-9A1E7A4F7556}") = "Infrastructure.MessageBroker", "Infrastructure.MessageBroker\Infrastructure.MessageBroker.csproj", "{900D0BCF-8AEB-4CA3-8164-62DED9215D0E}"
EndProject
Project("{9A19103F-16F7-4668-BE54-9A1E7A4F7556}") = "Domain.InputDataModel.Base", "InputDataModel.Base\Domain.InputDataModel.Base.csproj", "{6AF9C010-6C97-417F-B5A0-4C309E75E56C}"
EndProject
Project("{E53339B2-1760-4266-BCC7-CA923CBCF16C}") = "docker-compose", "docker-compose.dcproj", "{D8D09599-5B7A-48CC-80A3-343ACB1CDEB5}"
EndProject
Project("{9A19103F-16F7-4668-BE54-9A1E7A4F7556}") = "Option.Test", "Option.Test\Option.Test.csproj", "{F169E766-D33F-4841-A1B6-20C4F3765B4E}"
EndProject
Project("{9A19103F-16F7-4668-BE54-9A1E7A4F7556}") = "InputDataModel.Autodictor.Test", "InputDataModel.Autodictor.Test\InputDataModel.Autodictor.Test.csproj", "{C7379C85-506F-4AF3-BFA8-6BDF298F7418}"
EndProject
Project("{9A19103F-16F7-4668-BE54-9A1E7A4F7556}") = "DeviceForExchnage.Test", "DeviceForExchnage.Test\DeviceForExchnage.Test.csproj", "{EE9C60F5-BB51-4679-9653-7CBC0FBB861A}"
EndProject
Project("{9A19103F-16F7-4668-BE54-9A1E7A4F7556}") = "DeviceForExchnage.Benchmark", "DeviceForExchnage.Benchmarkl\DeviceForExchnage.Benchmark.csproj", "{597CB922-8E1B-433A-A9EC-1A23936DE5A4}"
EndProject
Project("{2150E333-8FDC-42A3-9474-1A3956D46DE8}") = "Benchmarks", "Benchmarks", "{47CDEA07-507F-4082-ADD4-275CB788F625}"
EndProject
Project("{9A19103F-16F7-4668-BE54-9A1E7A4F7556}") = "Shared.Test", "..\Shared.Test\Shared.Test.csproj", "{DC957386-C42E-4CE8-892F-957510D23A54}"
EndProject
Project("{9A19103F-16F7-4668-BE54-9A1E7A4F7556}") = "MappingTest", "..\MappingTest\MappingTest.csproj", "{3478F800-BF4A-41BC-8D32-FAE13CCE3793}"
EndProject
Project("{2150E333-8FDC-42A3-9474-1A3956D46DE8}") = "Produser", "Produser", "{7A2FECDF-A43E-4195-9597-C72220F4717D}"
EndProject
Project("{2150E333-8FDC-42A3-9474-1A3956D46DE8}") = "ConcreteProdusers", "ConcreteProdusers", "{1435EB20-5282-4E16-921C-1EB89F4C204B}"
EndProject
Project("{9A19103F-16F7-4668-BE54-9A1E7A4F7556}") = "KafkaProduser", "KaffkaProduser\KafkaProduser.csproj", "{FCA99839-3FB0-475E-868F-0FC1DEAAF2D2}"
EndProject
Project("{9A19103F-16F7-4668-BE54-9A1E7A4F7556}") = "LogerSerilogProduser", "LogerSerilogProduser\LogerSerilogProduser.csproj", "{97782161-251C-4C1A-8787-A3A771DD2D8C}"
EndProject
Project("{9A19103F-16F7-4668-BE54-9A1E7A4F7556}") = "WebClientProduser", "WebClientProduser\WebClientProduser.csproj", "{28489A8C-2C22-4730-AC25-6EB617B9A324}"
EndProject
Project("{9A19103F-16F7-4668-BE54-9A1E7A4F7556}") = "AbstractProduser", "AbstractProduser\AbstractProduser.csproj", "{A7BE9DB7-7FEF-4C6C-A19F-75195DEFBEA5}"
EndProject
Project("{9A19103F-16F7-4668-BE54-9A1E7A4F7556}") = "Infrastructure.Storages", "Infrastructure.Storages\Infrastructure.Storages.csproj", "{39E7E0DC-23CE-4201-A5B2-53CCB7016704}"
EndProject
Project("{9A19103F-16F7-4668-BE54-9A1E7A4F7556}") = "Infrastructure.Transport", "Infrastructure.Transport\Infrastructure.Transport.csproj", "{2735AF75-E596-4086-9DD5-04C2A6FE5D5B}"
EndProject
Project("{9A19103F-16F7-4668-BE54-9A1E7A4F7556}") = "Infrastructure.Background", "Infrastructure.Background\Infrastructure.Background.csproj", "{266B9DC4-536C-4AFE-891A-F493EC684DB5}"
EndProject
Project("{2150E333-8FDC-42A3-9474-1A3956D46DE8}") = "Domain", "Domain", "{64D372E6-8956-4609-87BE-CD190C4675C8}"
EndProject
Project("{2150E333-8FDC-42A3-9474-1A3956D46DE8}") = "Dal", "Dal", "{DF6100DF-CC77-42D3-B416-CC714194898B}"
EndProject
Project("{9A19103F-16F7-4668-BE54-9A1E7A4F7556}") = "Infrastructure.Dal.Abstract", "..\Infrastructure.Dal.Abstract\Infrastructure.Dal.Abstract.csproj", "{7A15CA0F-DBB1-4BD1-BFB0-3BA71BE15DD5}"
EndProject
Project("{9A19103F-16F7-4668-BE54-9A1E7A4F7556}") = "Infrastructure.Dal.EfCore", "Infrastructure.Dal.EfCore\Infrastructure.Dal.EfCore.csproj", "{D3F3B23F-8FAF-4EC4-ABB2-1B1025A2D1A0}"
EndProject
Global
	GlobalSection(SolutionConfigurationPlatforms) = preSolution
		Debug|Any CPU = Debug|Any CPU
		Release|Any CPU = Release|Any CPU
	EndGlobalSection
	GlobalSection(ProjectConfigurationPlatforms) = postSolution
		{0939D51D-2E92-4CB5-8A21-68E324CCA18F}.Debug|Any CPU.ActiveCfg = Debug|Any CPU
		{0939D51D-2E92-4CB5-8A21-68E324CCA18F}.Debug|Any CPU.Build.0 = Debug|Any CPU
		{0939D51D-2E92-4CB5-8A21-68E324CCA18F}.Release|Any CPU.ActiveCfg = Release|Any CPU
		{0939D51D-2E92-4CB5-8A21-68E324CCA18F}.Release|Any CPU.Build.0 = Release|Any CPU
		{747EB02F-436D-4337-A161-5FF726C9E1B0}.Debug|Any CPU.ActiveCfg = Debug|Any CPU
		{747EB02F-436D-4337-A161-5FF726C9E1B0}.Debug|Any CPU.Build.0 = Debug|Any CPU
		{747EB02F-436D-4337-A161-5FF726C9E1B0}.Release|Any CPU.ActiveCfg = Release|Any CPU
		{747EB02F-436D-4337-A161-5FF726C9E1B0}.Release|Any CPU.Build.0 = Release|Any CPU
		{1F64CCC2-D64F-48F0-8845-36AB33EB54F8}.Debug|Any CPU.ActiveCfg = Debug|Any CPU
		{1F64CCC2-D64F-48F0-8845-36AB33EB54F8}.Debug|Any CPU.Build.0 = Debug|Any CPU
		{1F64CCC2-D64F-48F0-8845-36AB33EB54F8}.Release|Any CPU.ActiveCfg = Release|Any CPU
		{1F64CCC2-D64F-48F0-8845-36AB33EB54F8}.Release|Any CPU.Build.0 = Release|Any CPU
		{1FD62A56-72ED-42B7-9F7D-549F7FA2CD00}.Debug|Any CPU.ActiveCfg = Debug|Any CPU
		{1FD62A56-72ED-42B7-9F7D-549F7FA2CD00}.Debug|Any CPU.Build.0 = Debug|Any CPU
		{1FD62A56-72ED-42B7-9F7D-549F7FA2CD00}.Release|Any CPU.ActiveCfg = Release|Any CPU
		{1FD62A56-72ED-42B7-9F7D-549F7FA2CD00}.Release|Any CPU.Build.0 = Release|Any CPU
		{C4560433-7116-4757-8070-D81CF7BD032E}.Debug|Any CPU.ActiveCfg = Debug|Any CPU
		{C4560433-7116-4757-8070-D81CF7BD032E}.Debug|Any CPU.Build.0 = Debug|Any CPU
		{C4560433-7116-4757-8070-D81CF7BD032E}.Release|Any CPU.ActiveCfg = Release|Any CPU
		{C4560433-7116-4757-8070-D81CF7BD032E}.Release|Any CPU.Build.0 = Release|Any CPU
		{8681D4FD-4CE5-4565-B883-3EAD50CB6435}.Debug|Any CPU.ActiveCfg = Debug|Any CPU
		{8681D4FD-4CE5-4565-B883-3EAD50CB6435}.Debug|Any CPU.Build.0 = Debug|Any CPU
		{8681D4FD-4CE5-4565-B883-3EAD50CB6435}.Release|Any CPU.ActiveCfg = Release|Any CPU
		{8681D4FD-4CE5-4565-B883-3EAD50CB6435}.Release|Any CPU.Build.0 = Release|Any CPU
		{DC84ECEB-47AF-435D-BF57-470DA012EB66}.Debug|Any CPU.ActiveCfg = Debug|Any CPU
		{DC84ECEB-47AF-435D-BF57-470DA012EB66}.Debug|Any CPU.Build.0 = Debug|Any CPU
		{DC84ECEB-47AF-435D-BF57-470DA012EB66}.Release|Any CPU.ActiveCfg = Release|Any CPU
		{DC84ECEB-47AF-435D-BF57-470DA012EB66}.Release|Any CPU.Build.0 = Release|Any CPU
		{900D0BCF-8AEB-4CA3-8164-62DED9215D0E}.Debug|Any CPU.ActiveCfg = Debug|Any CPU
		{900D0BCF-8AEB-4CA3-8164-62DED9215D0E}.Debug|Any CPU.Build.0 = Debug|Any CPU
		{900D0BCF-8AEB-4CA3-8164-62DED9215D0E}.Release|Any CPU.ActiveCfg = Release|Any CPU
		{900D0BCF-8AEB-4CA3-8164-62DED9215D0E}.Release|Any CPU.Build.0 = Release|Any CPU
		{6AF9C010-6C97-417F-B5A0-4C309E75E56C}.Debug|Any CPU.ActiveCfg = Debug|Any CPU
		{6AF9C010-6C97-417F-B5A0-4C309E75E56C}.Debug|Any CPU.Build.0 = Debug|Any CPU
		{6AF9C010-6C97-417F-B5A0-4C309E75E56C}.Release|Any CPU.ActiveCfg = Release|Any CPU
		{6AF9C010-6C97-417F-B5A0-4C309E75E56C}.Release|Any CPU.Build.0 = Release|Any CPU
		{D8D09599-5B7A-48CC-80A3-343ACB1CDEB5}.Debug|Any CPU.ActiveCfg = Debug|Any CPU
		{D8D09599-5B7A-48CC-80A3-343ACB1CDEB5}.Debug|Any CPU.Build.0 = Debug|Any CPU
		{D8D09599-5B7A-48CC-80A3-343ACB1CDEB5}.Release|Any CPU.ActiveCfg = Release|Any CPU
		{D8D09599-5B7A-48CC-80A3-343ACB1CDEB5}.Release|Any CPU.Build.0 = Release|Any CPU
		{F169E766-D33F-4841-A1B6-20C4F3765B4E}.Debug|Any CPU.ActiveCfg = Debug|Any CPU
		{F169E766-D33F-4841-A1B6-20C4F3765B4E}.Debug|Any CPU.Build.0 = Debug|Any CPU
		{F169E766-D33F-4841-A1B6-20C4F3765B4E}.Release|Any CPU.ActiveCfg = Release|Any CPU
		{F169E766-D33F-4841-A1B6-20C4F3765B4E}.Release|Any CPU.Build.0 = Release|Any CPU
		{C7379C85-506F-4AF3-BFA8-6BDF298F7418}.Debug|Any CPU.ActiveCfg = Debug|Any CPU
		{C7379C85-506F-4AF3-BFA8-6BDF298F7418}.Debug|Any CPU.Build.0 = Debug|Any CPU
		{C7379C85-506F-4AF3-BFA8-6BDF298F7418}.Release|Any CPU.ActiveCfg = Release|Any CPU
		{C7379C85-506F-4AF3-BFA8-6BDF298F7418}.Release|Any CPU.Build.0 = Release|Any CPU
		{EE9C60F5-BB51-4679-9653-7CBC0FBB861A}.Debug|Any CPU.ActiveCfg = Debug|Any CPU
		{EE9C60F5-BB51-4679-9653-7CBC0FBB861A}.Debug|Any CPU.Build.0 = Debug|Any CPU
		{EE9C60F5-BB51-4679-9653-7CBC0FBB861A}.Release|Any CPU.ActiveCfg = Release|Any CPU
		{EE9C60F5-BB51-4679-9653-7CBC0FBB861A}.Release|Any CPU.Build.0 = Release|Any CPU
		{597CB922-8E1B-433A-A9EC-1A23936DE5A4}.Debug|Any CPU.ActiveCfg = Debug|Any CPU
		{597CB922-8E1B-433A-A9EC-1A23936DE5A4}.Debug|Any CPU.Build.0 = Debug|Any CPU
		{597CB922-8E1B-433A-A9EC-1A23936DE5A4}.Release|Any CPU.ActiveCfg = Release|Any CPU
		{597CB922-8E1B-433A-A9EC-1A23936DE5A4}.Release|Any CPU.Build.0 = Release|Any CPU
		{DC957386-C42E-4CE8-892F-957510D23A54}.Debug|Any CPU.ActiveCfg = Debug|Any CPU
		{DC957386-C42E-4CE8-892F-957510D23A54}.Debug|Any CPU.Build.0 = Debug|Any CPU
		{DC957386-C42E-4CE8-892F-957510D23A54}.Release|Any CPU.ActiveCfg = Release|Any CPU
		{DC957386-C42E-4CE8-892F-957510D23A54}.Release|Any CPU.Build.0 = Release|Any CPU
		{3478F800-BF4A-41BC-8D32-FAE13CCE3793}.Debug|Any CPU.ActiveCfg = Debug|Any CPU
		{3478F800-BF4A-41BC-8D32-FAE13CCE3793}.Debug|Any CPU.Build.0 = Debug|Any CPU
		{3478F800-BF4A-41BC-8D32-FAE13CCE3793}.Release|Any CPU.ActiveCfg = Release|Any CPU
		{3478F800-BF4A-41BC-8D32-FAE13CCE3793}.Release|Any CPU.Build.0 = Release|Any CPU
		{FCA99839-3FB0-475E-868F-0FC1DEAAF2D2}.Debug|Any CPU.ActiveCfg = Debug|Any CPU
		{FCA99839-3FB0-475E-868F-0FC1DEAAF2D2}.Debug|Any CPU.Build.0 = Debug|Any CPU
		{FCA99839-3FB0-475E-868F-0FC1DEAAF2D2}.Release|Any CPU.ActiveCfg = Release|Any CPU
		{FCA99839-3FB0-475E-868F-0FC1DEAAF2D2}.Release|Any CPU.Build.0 = Release|Any CPU
		{97782161-251C-4C1A-8787-A3A771DD2D8C}.Debug|Any CPU.ActiveCfg = Debug|Any CPU
		{97782161-251C-4C1A-8787-A3A771DD2D8C}.Debug|Any CPU.Build.0 = Debug|Any CPU
		{97782161-251C-4C1A-8787-A3A771DD2D8C}.Release|Any CPU.ActiveCfg = Release|Any CPU
		{97782161-251C-4C1A-8787-A3A771DD2D8C}.Release|Any CPU.Build.0 = Release|Any CPU
		{28489A8C-2C22-4730-AC25-6EB617B9A324}.Debug|Any CPU.ActiveCfg = Debug|Any CPU
		{28489A8C-2C22-4730-AC25-6EB617B9A324}.Debug|Any CPU.Build.0 = Debug|Any CPU
		{28489A8C-2C22-4730-AC25-6EB617B9A324}.Release|Any CPU.ActiveCfg = Release|Any CPU
		{28489A8C-2C22-4730-AC25-6EB617B9A324}.Release|Any CPU.Build.0 = Release|Any CPU
		{A7BE9DB7-7FEF-4C6C-A19F-75195DEFBEA5}.Debug|Any CPU.ActiveCfg = Debug|Any CPU
		{A7BE9DB7-7FEF-4C6C-A19F-75195DEFBEA5}.Debug|Any CPU.Build.0 = Debug|Any CPU
		{A7BE9DB7-7FEF-4C6C-A19F-75195DEFBEA5}.Release|Any CPU.ActiveCfg = Release|Any CPU
		{A7BE9DB7-7FEF-4C6C-A19F-75195DEFBEA5}.Release|Any CPU.Build.0 = Release|Any CPU
		{39E7E0DC-23CE-4201-A5B2-53CCB7016704}.Debug|Any CPU.ActiveCfg = Debug|Any CPU
		{39E7E0DC-23CE-4201-A5B2-53CCB7016704}.Debug|Any CPU.Build.0 = Debug|Any CPU
		{39E7E0DC-23CE-4201-A5B2-53CCB7016704}.Release|Any CPU.ActiveCfg = Release|Any CPU
		{39E7E0DC-23CE-4201-A5B2-53CCB7016704}.Release|Any CPU.Build.0 = Release|Any CPU
		{2735AF75-E596-4086-9DD5-04C2A6FE5D5B}.Debug|Any CPU.ActiveCfg = Debug|Any CPU
		{2735AF75-E596-4086-9DD5-04C2A6FE5D5B}.Debug|Any CPU.Build.0 = Debug|Any CPU
		{2735AF75-E596-4086-9DD5-04C2A6FE5D5B}.Release|Any CPU.ActiveCfg = Release|Any CPU
		{2735AF75-E596-4086-9DD5-04C2A6FE5D5B}.Release|Any CPU.Build.0 = Release|Any CPU
		{266B9DC4-536C-4AFE-891A-F493EC684DB5}.Debug|Any CPU.ActiveCfg = Debug|Any CPU
		{266B9DC4-536C-4AFE-891A-F493EC684DB5}.Debug|Any CPU.Build.0 = Debug|Any CPU
		{266B9DC4-536C-4AFE-891A-F493EC684DB5}.Release|Any CPU.ActiveCfg = Release|Any CPU
		{266B9DC4-536C-4AFE-891A-F493EC684DB5}.Release|Any CPU.Build.0 = Release|Any CPU
		{7A15CA0F-DBB1-4BD1-BFB0-3BA71BE15DD5}.Debug|Any CPU.ActiveCfg = Debug|Any CPU
		{7A15CA0F-DBB1-4BD1-BFB0-3BA71BE15DD5}.Debug|Any CPU.Build.0 = Debug|Any CPU
		{7A15CA0F-DBB1-4BD1-BFB0-3BA71BE15DD5}.Release|Any CPU.ActiveCfg = Release|Any CPU
		{7A15CA0F-DBB1-4BD1-BFB0-3BA71BE15DD5}.Release|Any CPU.Build.0 = Release|Any CPU
		{D3F3B23F-8FAF-4EC4-ABB2-1B1025A2D1A0}.Debug|Any CPU.ActiveCfg = Debug|Any CPU
		{D3F3B23F-8FAF-4EC4-ABB2-1B1025A2D1A0}.Debug|Any CPU.Build.0 = Debug|Any CPU
		{D3F3B23F-8FAF-4EC4-ABB2-1B1025A2D1A0}.Release|Any CPU.ActiveCfg = Release|Any CPU
		{D3F3B23F-8FAF-4EC4-ABB2-1B1025A2D1A0}.Release|Any CPU.Build.0 = Release|Any CPU
	EndGlobalSection
	GlobalSection(SolutionProperties) = preSolution
		HideSolutionNode = FALSE
	EndGlobalSection
	GlobalSection(NestedProjects) = preSolution
		{1F64CCC2-D64F-48F0-8845-36AB33EB54F8} = {64D372E6-8956-4609-87BE-CD190C4675C8}
		{1FD62A56-72ED-42B7-9F7D-549F7FA2CD00} = {27B62A9A-A8C6-4ECD-BA67-43024501EEA9}
		{C4560433-7116-4757-8070-D81CF7BD032E} = {0ED24299-DCDD-4D54-A6C8-D297B790D2F8}
		{8681D4FD-4CE5-4565-B883-3EAD50CB6435} = {64D372E6-8956-4609-87BE-CD190C4675C8}
		{156C5F17-389D-412C-9183-48DDF6B9FFD3} = {64D372E6-8956-4609-87BE-CD190C4675C8}
		{DC84ECEB-47AF-435D-BF57-470DA012EB66} = {156C5F17-389D-412C-9183-48DDF6B9FFD3}
		{900D0BCF-8AEB-4CA3-8164-62DED9215D0E} = {27B62A9A-A8C6-4ECD-BA67-43024501EEA9}
		{6AF9C010-6C97-417F-B5A0-4C309E75E56C} = {156C5F17-389D-412C-9183-48DDF6B9FFD3}
		{F169E766-D33F-4841-A1B6-20C4F3765B4E} = {ABE68234-EFE9-4325-A2AD-3EDAB972EF07}
		{C7379C85-506F-4AF3-BFA8-6BDF298F7418} = {ABE68234-EFE9-4325-A2AD-3EDAB972EF07}
		{EE9C60F5-BB51-4679-9653-7CBC0FBB861A} = {ABE68234-EFE9-4325-A2AD-3EDAB972EF07}
		{597CB922-8E1B-433A-A9EC-1A23936DE5A4} = {47CDEA07-507F-4082-ADD4-275CB788F625}
		{47CDEA07-507F-4082-ADD4-275CB788F625} = {ABE68234-EFE9-4325-A2AD-3EDAB972EF07}
		{DC957386-C42E-4CE8-892F-957510D23A54} = {ABE68234-EFE9-4325-A2AD-3EDAB972EF07}
		{3478F800-BF4A-41BC-8D32-FAE13CCE3793} = {ABE68234-EFE9-4325-A2AD-3EDAB972EF07}
		{7A2FECDF-A43E-4195-9597-C72220F4717D} = {27B62A9A-A8C6-4ECD-BA67-43024501EEA9}
		{1435EB20-5282-4E16-921C-1EB89F4C204B} = {7A2FECDF-A43E-4195-9597-C72220F4717D}
		{FCA99839-3FB0-475E-868F-0FC1DEAAF2D2} = {1435EB20-5282-4E16-921C-1EB89F4C204B}
		{97782161-251C-4C1A-8787-A3A771DD2D8C} = {1435EB20-5282-4E16-921C-1EB89F4C204B}
		{28489A8C-2C22-4730-AC25-6EB617B9A324} = {1435EB20-5282-4E16-921C-1EB89F4C204B}
		{A7BE9DB7-7FEF-4C6C-A19F-75195DEFBEA5} = {7A2FECDF-A43E-4195-9597-C72220F4717D}
		{39E7E0DC-23CE-4201-A5B2-53CCB7016704} = {27B62A9A-A8C6-4ECD-BA67-43024501EEA9}
		{2735AF75-E596-4086-9DD5-04C2A6FE5D5B} = {27B62A9A-A8C6-4ECD-BA67-43024501EEA9}
		{266B9DC4-536C-4AFE-891A-F493EC684DB5} = {27B62A9A-A8C6-4ECD-BA67-43024501EEA9}
		{DF6100DF-CC77-42D3-B416-CC714194898B} = {27B62A9A-A8C6-4ECD-BA67-43024501EEA9}
		{7A15CA0F-DBB1-4BD1-BFB0-3BA71BE15DD5} = {DF6100DF-CC77-42D3-B416-CC714194898B}
		{D3F3B23F-8FAF-4EC4-ABB2-1B1025A2D1A0} = {DF6100DF-CC77-42D3-B416-CC714194898B}
	EndGlobalSection
	GlobalSection(ExtensibilityGlobals) = postSolution
		SolutionGuid = {626950A5-7C4E-424F-AC79-2AB323CA01E7}
	EndGlobalSection
EndGlobal
